
Microsoft Visual Studio Solution File, Format Version 12.00
# Visual Studio 2013
VisualStudioVersion = 12.0.21005.1
MinimumVisualStudioVersion = 10.0.40219.1
Project("{FAE04EC0-301F-11D3-BF4B-00C04F79EFBC}") = "DHMSP15_3", "DHMSP15_3\DHMSP15_3.csproj", "{A756DEA1-6AAA-4167-BBBB-10C5541C104F}"
EndProject
Global
	GlobalSection(SolutionConfigurationPlatforms) = preSolution
		Debug|Any CPU = Debug|Any CPU
		Release|Any CPU = Release|Any CPU
	EndGlobalSection
	GlobalSection(ProjectConfigurationPlatforms) = postSolution
		{A756DEA1-6AAA-4167-BBBB-10C5541C104F}.Debug|Any CPU.ActiveCfg = Debug|Any CPU
		{A756DEA1-6AAA-4167-BBBB-10C5541C104F}.Debug|Any CPU.Build.0 = Debug|Any CPU
		{A756DEA1-6AAA-4167-BBBB-10C5541C104F}.Release|Any CPU.ActiveCfg = Release|Any CPU
		{A756DEA1-6AAA-4167-BBBB-10C5541C104F}.Release|Any CPU.Build.0 = Release|Any CPU
	EndGlobalSection
	GlobalSection(SolutionProperties) = preSolution
		HideSolutionNode = FALSE
	EndGlobalSection
EndGlobal
